
Microsoft Visual Studio Solution File, Format Version 12.00
# Visual Studio 15
VisualStudioVersion = 15.0.27703.2042
MinimumVisualStudioVersion = 10.0.40219.1
Project("{9A19103F-16F7-4668-BE54-9A1E7A4F7556}") = "WhiskeySite", "WhisekySite\WhiskeySite.csproj", "{DEF324D5-07B2-4392-9965-5C2C977AB26B}"
EndProject
Global
	GlobalSection(SolutionConfigurationPlatforms) = preSolution
		Debug|Any CPU = Debug|Any CPU
		Release|Any CPU = Release|Any CPU
	EndGlobalSection
	GlobalSection(ProjectConfigurationPlatforms) = postSolution
		{DEF324D5-07B2-4392-9965-5C2C977AB26B}.Debug|Any CPU.ActiveCfg = Debug|Any CPU
		{DEF324D5-07B2-4392-9965-5C2C977AB26B}.Debug|Any CPU.Build.0 = Debug|Any CPU
		{DEF324D5-07B2-4392-9965-5C2C977AB26B}.Release|Any CPU.ActiveCfg = Release|Any CPU
		{DEF324D5-07B2-4392-9965-5C2C977AB26B}.Release|Any CPU.Build.0 = Release|Any CPU
	EndGlobalSection
	GlobalSection(SolutionProperties) = preSolution
		HideSolutionNode = FALSE
	EndGlobalSection
	GlobalSection(ExtensibilityGlobals) = postSolution
		SolutionGuid = {65D02685-A53A-44D1-A1C9-84C6727C9EE4}
	EndGlobalSection
EndGlobal
